<?xml version="1.0" encoding="utf-8"?>
<Project ToolsVersion="4.0" xmlns="http://schemas.microsoft.com/developer/msbuild/2003">
  <ItemGroup>
    <Filter Include="소스 파일">
      <UniqueIdentifier>{4FC737F1-C7A5-4376-A066-2A32D752A2FF}</UniqueIdentifier>
      <Extensions>cpp;c;cc;cxx;c++;cppm;ixx;def;odl;idl;hpj;bat;asm;asmx</Extensions>
    </Filter>
    <Filter Include="헤더 파일">
      <UniqueIdentifier>{93995380-89BD-4b04-88EB-625FBE52EBFB}</UniqueIdentifier>
      <Extensions>h;hh;hpp;hxx;h++;hm;inl;inc;ipp;xsd</Extensions>
    </Filter>
    <Filter Include="리소스 파일">
      <UniqueIdentifier>{67DA6AB6-F800-4c08-8B7A-83BB121AAD01}</UniqueIdentifier>
      <Extensions>rc;ico;cur;bmp;dlg;rc2;rct;bin;rgs;gif;jpg;jpeg;jpe;resx;tiff;tif;png;wav;mfcribbon-ms</Extensions>
    </Filter>
    <Filter Include="소스 파일\Array">
      <UniqueIdentifier>{cf09494f-d9b1-4d49-9818-5e9e42916bb4}</UniqueIdentifier>
    </Filter>
    <Filter Include="소스 파일\Array2">
      <UniqueIdentifier>{de66203f-f12b-49ff-9636-59bf31cc62ba}</UniqueIdentifier>
    </Filter>
    <Filter Include="소스 파일\Pointer">
      <UniqueIdentifier>{e098f27c-b586-4d4d-8b67-92a0bbe42088}</UniqueIdentifier>
    </Filter>
    <Filter Include="소스 파일\Pointer2">
      <UniqueIdentifier>{a981b244-858e-45ba-8bfd-4c08d68f4d73}</UniqueIdentifier>
    </Filter>
    <Filter Include="소스 파일\Function">
      <UniqueIdentifier>{85b702d5-10e7-4876-b3e5-40de54be30dc}</UniqueIdentifier>
    </Filter>
  </ItemGroup>
  <ItemGroup>
    <ClCompile Include="2022.04.03.c">
      <Filter>소스 파일</Filter>
    </ClCompile>
    <ClCompile Include="basic_Array.c">
      <Filter>소스 파일\Array</Filter>
    </ClCompile>
    <ClCompile Include="basic2_Array.c">
      <Filter>소스 파일\Array</Filter>
    </ClCompile>
    <ClCompile Include="apply_Array.c">
      <Filter>소스 파일\Array</Filter>
    </ClCompile>
    <ClCompile Include="example_Array.c">
      <Filter>소스 파일\Array</Filter>
    </ClCompile>
    <ClCompile Include="example_Array2.c">
      <Filter>소스 파일\Array</Filter>
    </ClCompile>
    <ClCompile Include="example_Array3.c">
      <Filter>소스 파일\Array</Filter>
    </ClCompile>
    <ClCompile Include="apply_Array2.c">
      <Filter>소스 파일\Array</Filter>
    </ClCompile>
    <ClCompile Include="example_Array4.c">
      <Filter>소스 파일\Array</Filter>
    </ClCompile>
    <ClCompile Include="basic.c">
      <Filter>소스 파일\Array2</Filter>
    </ClCompile>
    <ClCompile Include="basic_pointer.c">
      <Filter>소스 파일\Pointer</Filter>
    </ClCompile>
    <ClCompile Include="basic_pointer2.c">
      <Filter>소스 파일\Pointer</Filter>
    </ClCompile>
    <ClCompile Include="example_pointer.c">
      <Filter>소스 파일\Pointer</Filter>
    </ClCompile>
    <ClCompile Include="apply_pointer1.c">
      <Filter>소스 파일\Pointer</Filter>
    </ClCompile>
    <ClCompile Include="apply_pointer2.c">
      <Filter>소스 파일\Pointer</Filter>
    </ClCompile>
    <ClCompile Include="apply_pointer3.c">
      <Filter>소스 파일\Pointer</Filter>
    </ClCompile>
    <ClCompile Include="example_pointer2.c">
      <Filter>소스 파일\Pointer</Filter>
    </ClCompile>
    <ClCompile Include="test.c">
      <Filter>소스 파일\Pointer</Filter>
    </ClCompile>
    <ClCompile Include="TEST2_POINTER.c">
      <Filter>소스 파일\Pointer</Filter>
    </ClCompile>
    <ClCompile Include="basic1_pointer2.c">
      <Filter>소스 파일\Pointer2</Filter>
    </ClCompile>
    <ClCompile Include="basic2_pointer2.c">
      <Filter>소스 파일\Pointer2</Filter>
    </ClCompile>
    <ClCompile Include="basic_function.c">
      <Filter>소스 파일\Function</Filter>
    </ClCompile>
    <ClCompile Include="basic2_function.c">
      <Filter>소스 파일\Function</Filter>
    </ClCompile>
    <ClCompile Include="basic3_function.c">
      <Filter>소스 파일\Function</Filter>
    </ClCompile>
    <ClCompile Include="basic4_function.c">
      <Filter>소스 파일\Function</Filter>
    </ClCompile>
    <ClCompile Include="question1_function.c">
      <Filter>소스 파일\Function</Filter>
    </ClCompile>
    <ClCompile Include="question2_function.c">
      <Filter>소스 파일\Function</Filter>
    </ClCompile>
    <ClCompile Include="question3_function.c">
      <Filter>소스 파일\Function</Filter>
    </ClCompile>
    <ClCompile Include="question4_function.c">
      <Filter>소스 파일\Function</Filter>
    </ClCompile>
    <ClCompile Include="question5_function.c">
      <Filter>소스 파일\Function</Filter>
    </ClCompile>
  </ItemGroup>
</Project>